symfony 462f93ad12c0916b51dbcaaec5b46349b2c96826
twig v1.8.2
monolog 1.0.2
doctrine-common 2.1.4
doctrine-dbal 2.1.7
doctrine 2.1.7
swiftmailer v4.2.0
assetic v1.0.3
twig-extensions f904575642b1213db69b4a98f08397e722ba1cae
metadata 1.0.0
SensioFrameworkExtraBundle v2.0.17
JMSSecurityExtraBundle e752f888c51425f71382c056961f10f2be642102
SensioDistributionBundle v2.0.17
SensioGeneratorBundle v2.0.17
AsseticBundle 6f15728c1aefa5246caa83730e3dbf70b0d46052
gedmo-doctrine-extensions v2.3.1
Stof-DoctrineExtensionsBundle 0247e6f1658d76292c8ffe2c5106090bd36bd799
HypebeastWordpressBundle b44c8f07ef904854ef762a2867a96437a4171127
GravatarBundle e5aedca3bd066081e16912ca8be96ba4ca570d0a
WhiteOctoberPagerFanta 12f71d99457b018fb80746f84514dd5b495c5789
WhiteOctoberPagerFantaBundle 40209ef994fa2f342660d96bf6bea3f88171cd2d
